# This file is automatically @generated by Cargo.
# It is not intended for manual editing.
version = 4

[[package]]
name = "lyra-core"
version = "0.0.0"

[[package]]
name = "lyra-cpal-spike"
version = "0.0.0"

[[package]]
name = "lyra-rodio-spike"
version = "0.0.0"

[[package]]
name = "lyra-ui"
version = "0.0.0"
